uuid: 2bf45a6a-e1fb-44c0-975e-22932eda29ae
langcode: fr
status: true
dependencies:
  module:
    - micro_path
    - micro_site
    - system
    - up1_efs
  theme:
    - p1ps2019
id: expertfindersystemblock
theme: p1ps2019
region: content
weight: -11
provider: null
plugin: up1_efs_block
settings:
  id: up1_efs_block
  label: 'Expert Finder System block'
  label_display: '0'
  provider: up1_efs
visibility:
  site_type:
    id: site_type
    negate: false
    context_mapping: {  }
    site_type: {  }
  site:
    id: site
    negate: false
    context_mapping: {  }
    sites:
      115: '115'
    sites_front_page: 0
  request_path:
    id: request_path
    negate: false
    pages: /structures-recherche/rechercher-expertise
