uuid: d2e2a06d-69df-4583-9065-e5130aae8030
langcode: fr
status: true
dependencies:
  module:
    - micro_path
    - micro_publications
    - micro_site
    - system
  theme:
    - p1ps2019
id: micropublicationsblock
theme: p1ps2019
region: hidden
weight: -16
provider: null
plugin: micro_publications_block
settings:
  id: micro_publications_block
  label: 'Micro publications block'
  label_display: '0'
  provider: micro_publications
visibility:
  site_type:
    id: site_type
    negate: false
    context_mapping: {  }
    site_type: {  }
  site:
    id: site
    negate: false
    context_mapping: {  }
    sites:
      49: '49'
    sites_front_page: 0
  request_path:
    id: request_path
    negate: false
    pages: /recherche/publications
