uuid: c20df6c6-7a7c-426d-8da4-c8c62aa0d77b
langcode: fr
status: true
dependencies:
  module:
    - micro_path
    - micro_site
    - up1_global
  theme:
    - p1ps2019
id: p1ps2019_entsearchblock
theme: p1ps2019
region: header_right
weight: -15
provider: null
plugin: up1_ent_search_block
settings:
  id: up1_ent_search_block
  label: 'ENT Search block'
  label_display: '0'
  provider: up1_global
  ent_url: null
  ent_label: null
visibility:
  site_type:
    id: site_type
    negate: false
    context_mapping: {  }
    site_type: {  }
  site:
    id: site
    negate: true
    context_mapping: {  }
    sites:
      103: '103'
    sites_front_page: 0
