uuid: 55116e27-8d2d-42f0-a6fc-d8c374411dc9
langcode: fr
status: true
dependencies:
  module:
    - micro_path
    - up1_global
  theme:
    - p1ps2019
id: p1ps2019_siteswitcherblock
theme: p1ps2019
region: header_right
weight: -16
provider: null
plugin: site_switcher_block
settings:
  id: site_switcher_block
  label: 'Master site switcher FR/EN'
  label_display: '0'
  provider: up1_global
visibility:
  site_type:
    id: site_type
    negate: false
    context_mapping: {  }
    site_type: {  }
