uuid: 12e7baee-b5a7-436c-a7ea-358f1810c547
langcode: fr
status: true
dependencies:
  config:
    - field.storage.node.field_paragraphs
    - field.storage.node.field_editorial_blocks
    - field.storage.paragraph.bp_accordion_section_title
    - field.storage.paragraph.bp_header
    - field.storage.paragraph.bp_link
    - field.storage.paragraph.field_subtitle
    - field.storage.paragraph.bp_tab_section_title
    - field.storage.paragraph.bp_text
    - field.storage.paragraph.field_text
    - field.storage.paragraph.field_simple_text
    - field.storage.paragraph.field_title
    - field.storage.node.field_lead
    - field.storage.node.field_collection_term
    - field.storage.node.body
    - field.storage.node.field_short_desc
    - field.storage.node.field_news_date
    - field.storage.node.field_event_date
    - field.storage.node.field_viva_date
    - field.storage.node.field_publishing_date
    - field.storage.media.field_legende
    - field.storage.node.field_comm_press_file
    - field.storage.node.field_isbn
    - field.storage.node.field_issn
    - field.storage.node.field_sub_title
    - field.storage.node.field_subtitle
    - field.storage.node.field_news_topic
    - field.storage.node.field_event_type
    - field.storage.node.field_publisher_term
    - search_api.server.holmes
    - core.entity_view_mode.node.search_index
  module:
    - paragraphs
    - taxonomy
    - media
    - node
    - search_api
id: sherlock
label: null
module: views
description: ''
tag: ''
base_table: node
base_field: nid
display:
  default: null
