uuid: bd21e5d5-a2c0-42c7-b6a5-51c797b37372
langcode: fr
status: true
dependencies:
  module:
    - micro_path
    - micro_site
    - system
    - up1_global
  theme:
    - p1ps2019
id: p1ps2019_centresup1block
theme: p1ps2019
region: content
weight: -8
provider: null
plugin: centres_up1_block
settings:
  id: centres_up1_block
  label: 'Rechercher un centre'
  label_display: '0'
  provider: up1_global
visibility:
  site_type:
    id: site_type
    negate: false
    context_mapping: {  }
    site_type: {  }
  site:
    id: site
    negate: false
    context_mapping: {  }
    sites: {  }
    sites_front_page: 0
  request_path:
    id: request_path
    negate: false
    context_mapping: {  }
    pages: '<front>'
