uuid: ac444c55-44bb-42ee-97d7-0b73069b16da
langcode: fr
status: true
dependencies:
  module:
    - micro_path
    - sorbonne_tv
  theme:
    - sorbonne_tv_lmc
id: sorbonne_tv_lmc_sorbonnetvsearchblock
theme: sorbonne_tv_lmc
region: header
weight: 0
provider: null
plugin: SorbonneTvSearchBlock
settings:
  id: SorbonneTvSearchBlock
  label: 'Sorbonne TV Search Block (Mobile only)'
  label_display: '0'
  provider: sorbonne_tv
visibility:
  site_type:
    id: site_type
    negate: false
    context_mapping: {  }
    site_type: {  }
