uuid: 9b002af9-1845-45fa-99f3-ea69c27299a7
langcode: fr
status: true
dependencies:
  module:
    - micro_path
    - micro_site
    - sorbonne_tv
  theme:
    - sorbonne_tv_lmc
id: sorbonne_tv_lmc_footerpartenairesblock
theme: sorbonne_tv_lmc
region: footer
weight: 0
provider: null
plugin: footer_partenaires_block
settings:
  id: footer_partenaires_block
  label: 'Footer partenaires block'
  label_display: visible
  provider: sorbonne_tv
visibility:
  site_type:
    id: site_type
    negate: false
    context_mapping: {  }
    site_type: {  }
  site:
    id: site
    negate: false
    context_mapping: {  }
    sites:
      126: '126'
    sites_front_page: 0
