uuid: 19fbc5b7-42fc-4fd5-a3b7-9bf0e9842f59
langcode: fr
status: true
dependencies:
  config:
    - field.storage.paragraph.field_content_block
    - paragraphs.paragraphs_type.content_block
  module:
    - viewsreference
id: paragraph.content_block.field_content_block
field_name: field_content_block
entity_type: paragraph
bundle: content_block
label: 'Bloc de contenu'
description: ''
required: false
translatable: true
default_value: {  }
default_value_callback: ''
settings:
  handler: 'default:view'
  handler_settings:
    target_bundles: null
    auto_create: false
  plugin_types:
    block: block
  preselect_views:
    recent_contents: recent_contents
  enabled_settings:
    argument: argument
    title: title
field_type: viewsreference
