uuid: d50ef097-289e-4e3d-a88f-fe74121cef33
langcode: fr
status: true
dependencies:
  content:
    - 'file:file:3e0c026f-3a22-421b-998c-7c6916a493a0'
  module:
    - paragraphs_ee
third_party_settings:
  paragraphs_ee:
    paragraphs_categories:
      widgets: widgets
id: content_block
label: 'Bloc de contenus'
icon_uuid: 3e0c026f-3a22-421b-998c-7c6916a493a0
icon_default: 'data:image/svg+xml;base64,PD94bWwgdmVyc2lvbj0iMS4wIiA/PjxzdmcgZmlsbD0ibm9uZSIgaGVpZ2h0PSIyNCIgdmlld0JveD0iMCAwIDI0IDI0IiB3aWR0aD0iMjQiIHhtbG5zPSJodHRwOi8vd3d3LnczLm9yZy8yMDAwL3N2ZyI+PHBhdGggZD0iTTkuMjU0OTggMTQuMDA0NUMxMC4yMjE1IDE0LjAwNDUgMTEuMDA1IDE0Ljc4OCAxMS4wMDUgMTUuNzU0NVYxOS4yNTM1QzExLjAwNSAyMC4yMTk5IDEwLjIyMTUgMjEuMDAzNSA5LjI1NDk4IDIxLjAwMzVIMy43NUMyLjc4MzUgMjEuMDAzNSAyIDIwLjIxOTkgMiAxOS4yNTM1VjE1Ljc1NDVDMiAxNC43ODggMi43ODM1IDE0LjAwNDUgMy43NSAxNC4wMDQ1SDkuMjU0OThaTTIwLjI1IDE0LjAwNDVDMjEuMjE2NSAxNC4wMDQ1IDIyIDE0Ljc4OCAyMiAxNS43NTQ1VjE5LjI1MzVDMjIgMjAuMjE5OSAyMS4yMTY1IDIxLjAwMzUgMjAuMjUgMjEuMDAzNUgxNC43NDVDMTMuNzc4NSAyMS4wMDM1IDEyLjk5NSAyMC4yMTk5IDEyLjk5NSAxOS4yNTM1VjE1Ljc1NDVDMTIuOTk1IDE0Ljc4OCAxMy43Nzg1IDE0LjAwNDUgMTQuNzQ1IDE0LjAwNDVIMjAuMjVaTTkuMjU0OTggMTUuNTA0NUgzLjc1QzMuNjExOTMgMTUuNTA0NSAzLjUgMTUuNjE2NSAzLjUgMTUuNzU0NVYxOS4yNTM1QzMuNSAxOS4zOTE1IDMuNjExOTMgMTkuNTAzNSAzLjc1IDE5LjUwMzVIOS4yNTQ5OEM5LjM5MzA2IDE5LjUwMzUgOS41MDQ5OCAxOS4zOTE1IDkuNTA0OTggMTkuMjUzNVYxNS43NTQ1QzkuNTA0OTggMTUuNjE2NSA5LjM5MzA2IDE1LjUwNDUgOS4yNTQ5OCAxNS41MDQ1Wk0yMC4yNSAxNS41MDQ1SDE0Ljc0NUMxNC42MDY5IDE1LjUwNDUgMTQuNDk1IDE1LjYxNjUgMTQuNDk1IDE1Ljc1NDVWMTkuMjUzNUMxNC40OTUgMTkuMzkxNSAxNC42MDY5IDE5LjUwMzUgMTQuNzQ1IDE5LjUwMzVIMjAuMjVDMjAuMzg4MSAxOS41MDM1IDIwLjUgMTkuMzkxNSAyMC41IDE5LjI1MzVWMTUuNzU0NUMyMC41IDE1LjYxNjUgMjAuMzg4MSAxNS41MDQ1IDIwLjI1IDE1LjUwNDVaTTIwLjI1IDNDMjEuMjE2NSAzIDIyIDMuNzgzNSAyMiA0Ljc1VjEwLjI1QzIyIDExLjIxNjUgMjEuMjE2NSAxMiAyMC4yNSAxMkgzLjc1QzIuNzgzNSAxMiAyIDExLjIxNjUgMiAxMC4yNVY0Ljc1QzIgMy44MzE4MyAyLjcwNzExIDMuMDc4ODEgMy42MDY0NyAzLjAwNThMMy43NSAzSDIwLjI1Wk0yMC4yNSA0LjVIMy43NUwzLjY5MjY4IDQuNTA2NkMzLjU4MjIzIDQuNTMyNTEgMy41IDQuNjMxNjUgMy41IDQuNzVWMTAuMjVDMy41IDEwLjM4ODEgMy42MTE5MyAxMC41IDMuNzUgMTAuNUgyMC4yNUMyMC4zODgxIDEwLjUgMjAuNSAxMC4zODgxIDIwLjUgMTAuMjVWNC43NUMyMC41IDQuNjExOTMgMjAuMzg4MSA0LjUgMjAuMjUgNC41WiIgZmlsbD0iIzIxMjEyMSIvPjwvc3ZnPg=='
description: 'Bloc dernières actualités ou événements et bloc dernières publications.'
behavior_plugins: {  }
