uuid: 89e4a9e6-ff0b-4a38-8fda-9cd5fcffc109
langcode: fr
status: true
dependencies:
  module:
    - micro_path
    - micro_site
    - up1_global
  theme:
    - paris1
id: entsearchblock
theme: paris1
region: navigation
weight: -9
provider: null
plugin: up1_ent_search_block
settings:
  id: up1_ent_search_block
  label: 'ENT Search block'
  provider: up1_global
  label_display: '0'
  ent_url: null
  ent_label: null
visibility:
  site_type:
    id: site_type
    site_type: {  }
    negate: false
    context_mapping: {  }
  site:
    id: site
    sites: {  }
    sites_front_page: 0
    negate: false
    context_mapping: {  }
