uuid: 912eddf8-4861-45dc-a4bf-780f53ab8407
langcode: fr
status: true
dependencies:
  module:
    - micro_path
    - micro_site
    - up1_global
  theme:
    - ampsubtheme_example
id: ampsubtheme_example_entsearchblock
theme: ampsubtheme_example
region: header
weight: -12
provider: null
plugin: up1_ent_search_block
settings:
  id: up1_ent_search_block
  label: 'ENT Search block'
  provider: up1_global
  label_display: '0'
  ent_url: null
  ent_label: null
visibility:
  site_type:
    id: site_type
    site_type: {  }
    negate: false
    context_mapping: {  }
  site:
    id: site
    sites: {  }
    sites_front_page: 0
    negate: false
    context_mapping: {  }
