uuid: 6b330673-fbaf-42ef-af07-feb3423b2ab4
langcode: fr
status: true
dependencies:
  module:
    - micro_footer
    - micro_site
  theme:
    - paris1_2019
id: paris1_2019_footerblock
theme: paris1_2019
region: footer
weight: -9
provider: null
plugin: footer_block
settings:
  id: footer_block
  label: 'Footer block'
  provider: micro_footer
  label_display: '0'
visibility:
  site:
    id: site
    sites:
      2: '2'
      3: '3'
    sites_front_page: 0
    negate: false
    context_mapping: {  }
