uuid: 6d532369-2890-4045-985b-a1f0e5669ac4
langcode: fr
status: true
dependencies:
  module:
    - micro_path
    - micro_site
    - up1_global
  theme:
    - amptheme
id: amptheme_entsearchblock
theme: amptheme
region: sidebar_first
weight: -12
provider: null
plugin: up1_ent_search_block
settings:
  id: up1_ent_search_block
  label: 'ENT Search block'
  provider: up1_global
  label_display: '0'
  ent_url: null
  ent_label: null
visibility:
  site_type:
    id: site_type
    site_type: {  }
    negate: false
    context_mapping: {  }
  site:
    id: site
    sites: {  }
    sites_front_page: 0
    negate: false
    context_mapping: {  }
