uuid: e395fe41-692f-46b9-b1ed-140644ace8b4
langcode: fr
status: true
dependencies:
  module:
    - micro_footer
    - micro_site
  theme:
    - p1ps2019
id: p1ps2019_footerblock
theme: p1ps2019
region: footer_center
weight: -14
provider: null
plugin: footer_block
settings:
  id: footer_block
  label: 'Footer block'
  provider: micro_footer
  label_display: '0'
visibility:
  site:
    id: site
    sites:
      2: '2'
      3: '3'
    sites_front_page: 0
    negate: false
    context_mapping: {  }
