uuid: 5bf94c02-9e00-49eb-a03c-7d72b5e00ff8
langcode: fr
status: true
dependencies:
  module:
    - micro_path
    - micro_site
    - up1_global
  theme:
    - bartik
id: bartik_entsearchblock
theme: bartik
region: header
weight: -12
provider: null
plugin: up1_ent_search_block
settings:
  id: up1_ent_search_block
  label: 'ENT Search block'
  provider: up1_global
  label_display: '0'
  ent_url: null
  ent_label: null
visibility:
  site_type:
    id: site_type
    site_type: {  }
    negate: false
    context_mapping: {  }
  site:
    id: site
    sites: {  }
    sites_front_page: 0
    negate: false
    context_mapping: {  }
