uuid: facb4006-fdc6-4536-a204-bf76e039dfd7
langcode: fr
status: true
dependencies:
  module:
    - micro_footer
    - micro_site
  theme:
    - PARIS12018
id: PARIS12018_footerblock
theme: PARIS12018
region: footer_left
weight: -8
provider: null
plugin: footer_block
settings:
  id: footer_block
  label: 'Footer block'
  provider: micro_footer
  label_display: '0'
visibility:
  site:
    id: site
    sites:
      2: '2'
      3: '3'
    sites_front_page: 0
    negate: false
    context_mapping: {  }
