uuid: 0cdfa551-1607-4b1a-8ce5-36f59645a58d
langcode: fr
status: true
dependencies:
  module:
    - micro_path
    - micro_site
    - system
    - up1_global
  theme:
    - ampsubtheme_example
id: ampsubtheme_example_centresup1block
theme: ampsubtheme_example
region: content
weight: -12
provider: null
plugin: centres_up1_block
settings:
  id: centres_up1_block
  label: 'Rechercher un centre'
  label_display: '0'
  provider: up1_global
visibility:
  site_type:
    id: site_type
    negate: false
    context_mapping: {  }
    site_type: {  }
  site:
    id: site
    negate: false
    context_mapping: {  }
    sites: {  }
    sites_front_page: 0
  request_path:
    id: request_path
    negate: false
    context_mapping: {  }
    pages: '<front>'
