uuid: df645686-aeea-4dcd-b795-9c4e0aaa3a97
langcode: fr
status: true
dependencies:
  module:
    - micro_path
    - micro_site
    - micro_social_media
  theme:
    - p1ps2019
id: socialmediablock
theme: p1ps2019
region: breadcrumbs
weight: -16
provider: null
plugin: social_media_block
settings:
  id: social_media_block
  label: 'Social Media block'
  label_display: '0'
  provider: micro_social_media
visibility:
  site_type:
    id: site_type
    negate: false
    context_mapping: {  }
    site_type: {  }
  site:
    id: site
    negate: false
    context_mapping: {  }
    sites: {  }
    sites_front_page: 0
