uuid: 6d7c945f-1c53-4b7a-926d-d3ea73c8de15
langcode: fr
status: true
dependencies:
  module:
    - micro_path
    - micro_site
    - system
    - up1_global
  theme:
    - amptheme
id: amptheme_centresup1block
theme: amptheme
region: content
weight: -12
provider: null
plugin: centres_up1_block
settings:
  id: centres_up1_block
  label: 'Rechercher un centre'
  label_display: '0'
  provider: up1_global
visibility:
  site_type:
    id: site_type
    negate: false
    context_mapping: {  }
    site_type: {  }
  site:
    id: site
    negate: false
    context_mapping: {  }
    sites: {  }
    sites_front_page: 0
  request_path:
    id: request_path
    negate: false
    context_mapping: {  }
    pages: '<front>'
