uuid: 598027a7-101d-41fc-a3fe-61521fce1398
langcode: fr
status: true
dependencies:
  module:
    - ctools
    - micro_footer
    - micro_site
  theme:
    - bartik
id: footerblock
theme: bartik
region: footer_first
weight: 0
provider: null
plugin: footer_block
settings:
  id: footer_block
  label: 'Footer block'
  provider: micro_footer
  label_display: '0'
visibility:
  site:
    id: site
    sites: {  }
    sites_front_page: 0
    negate: false
    context_mapping: {  }
  'entity_bundle:site':
    id: 'entity_bundle:site'
    bundles:
      mini_site: mini_site
    negate: false
    context_mapping:
      site: '@micro_site.current_site_context:site'
