uuid: 76ad85b2-287e-4d47-9878-f8d81a910b7e
langcode: fr
status: true
dependencies:
  module:
    - ctools
    - micro_menu
    - micro_site
  theme:
    - paris1
id: micromenublock
theme: paris1
region: header
weight: -2
provider: null
plugin: micro_menu_block
settings:
  id: micro_menu_block
  label: 'Micro menu block'
  provider: micro_menu
  label_display: '0'
visibility:
  'entity_bundle:site':
    id: 'entity_bundle:site'
    bundles:
      mini_site: mini_site
    negate: false
    context_mapping:
      site: '@micro_site.current_site_context:site'
  site:
    id: site
    sites: {  }
    sites_front_page: 0
    negate: false
    context_mapping: {  }
