uuid: 598027a7-101d-41fc-a3fe-61521fce1398
langcode: fr
status: true
dependencies:
  module:
    - micro_footer
    - micro_site
  theme:
    - bartik
id: footerblock
theme: bartik
region: footer_first
weight: 0
provider: null
plugin: footer_block
settings:
  id: footer_block
  label: 'Footer block'
  provider: micro_footer
  label_display: '0'
visibility:
  site:
    id: site
    sites:
      2: '2'
      3: '3'
    sites_front_page: 0
    negate: false
    context_mapping: {  }
