uuid: 3dd12e39-c35d-4091-b2df-cc4f52fe315b
langcode: fr
status: true
dependencies:
  module:
    - micro_footer
    - micro_site
  theme:
    - paris1
id: paris1_footerblock
theme: paris1
region: header
weight: 0
provider: null
plugin: footer_block
settings:
  id: footer_block
  label: 'Footer block'
  provider: micro_footer
  label_display: '0'
visibility:
  site:
    id: site
    sites:
      2: '2'
      3: '3'
    sites_front_page: 0
    negate: false
    context_mapping: {  }
