uuid: 38ebdc6f-1706-4bd0-a1ab-86946de8d90d
langcode: fr
status: true
dependencies:
  module:
    - ctools
    - micro_menu
    - micro_path
    - micro_site
  theme:
    - ampsubtheme_example
id: ampsubtheme_example_micromenublock
theme: ampsubtheme_example
region: header
weight: -14
provider: null
plugin: micro_menu_block
settings:
  id: micro_menu_block
  label: 'Micro menu block'
  label_display: '0'
  provider: micro_menu
visibility:
  'entity_bundle:site':
    id: 'entity_bundle:site'
    negate: false
    context_mapping:
      site: '@micro_site.current_site_context:site'
    bundles:
      mini_site: mini_site
  site_type:
    id: site_type
    negate: false
    context_mapping: {  }
    site_type: {  }
  site:
    id: site
    negate: false
    context_mapping: {  }
    sites: {  }
    sites_front_page: 0
