uuid: fb5a1757-b877-4196-b7a5-47c2ddd179bb
langcode: fr
status: true
dependencies:
  module:
    - ctools
    - micro_menu
    - micro_path
    - micro_site
  theme:
    - bartik
id: bartik_micromenublock
theme: bartik
region: header
weight: -14
provider: null
plugin: micro_menu_block
settings:
  id: micro_menu_block
  label: 'Micro menu block'
  provider: micro_menu
  label_display: '0'
visibility:
  'entity_bundle:site':
    id: 'entity_bundle:site'
    bundles:
      mini_site: mini_site
    negate: false
    context_mapping:
      site: '@micro_site.current_site_context:site'
  site_type:
    id: site_type
    site_type: {  }
    negate: false
    context_mapping: {  }
  site:
    id: site
    sites: {  }
    sites_front_page: 0
    negate: false
    context_mapping: {  }
