uuid: 6c11f06f-f542-4822-a5e0-51475d25c95f
langcode: fr
status: true
dependencies:
  module:
    - micro_path
    - micro_site
    - up1_global
  theme:
    - paris1_2019
id: paris1_2019_entsearchblock
theme: paris1_2019
region: navigation
weight: -6
provider: null
plugin: up1_ent_search_block
settings:
  id: up1_ent_search_block
  label: 'ENT Search block'
  provider: up1_global
  label_display: '0'
  ent_url: null
  ent_label: null
visibility:
  site_type:
    id: site_type
    site_type: {  }
    negate: false
    context_mapping: {  }
  site:
    id: site
    sites: {  }
    sites_front_page: 0
    negate: false
    context_mapping: {  }
