uuid: 42dc4881-6893-48d9-95f4-a9c23581be8e
langcode: fr
status: true
dependencies:
  enforced:
    module:
      - gutenberg
  module:
    - block_content
_core:
  default_config_hash: 0nRdlyXwWiWvI4FdhHFKcKfOGaW3sirwqY0dUr5JIlg
id: block_content.reusable_block
label: 'Reusable block'
targetEntityType: block_content
cache: true
