uuid: fd563bb5-29e3-4cdb-8468-e5f3114e08c1
langcode: fr
status: true
dependencies:
  module:
    - paragraphs
    - views
    - viewsreference
id: paragraph.field_content_block
field_name: field_content_block
entity_type: paragraph
type: viewsreference
settings:
  target_type: view
module: viewsreference
locked: false
cardinality: 1
translatable: true
indexes: {  }
persist_with_no_fields: false
custom_storage: false
