uuid: 19fbc5b7-42fc-4fd5-a3b7-9bf0e9842f59
langcode: fr
status: true
dependencies:
  config:
    - field.storage.paragraph.field_content_block
    - paragraphs.paragraphs_type.content_block
    - views.view.recent_contents
  module:
    - viewsreference
id: paragraph.content_block.field_content_block
field_name: field_content_block
entity_type: paragraph
bundle: content_block
label: 'Bloc de contenu'
description: ''
required: false
translatable: false
default_value:
  -
    options:
      title: 0
      argument: ''
    display_id: news_master
    argument: null
    title: 0
    data: null
    target_uuid: f0f02ddb-14ee-47f2-813d-65a6b7eec618
default_value_callback: ''
settings:
  handler: 'default:view'
  handler_settings:
    target_bundles: null
    auto_create: 0
  plugin_types:
    block: block
    default: 0
    page: 0
    entity_reference: 0
    feed: 0
    entity_browser: 0
    embed: 0
  preselect_views:
    recent_contents: recent_contents
    annuaire_des_mini_sites: 0
    block_content: 0
    carousel: 0
    content: 0
    content_recent: 0
    contenus_en_relecture: 0
    control_comments: 0
    control_content: 0
    control_content_panes: 0
    control_terms: 0
    control_users: 0
    control_users_panes: 0
    entity_references: 0
    erreur_404: 0
    espace_presse: 0
    files: 0
    flux_rss_actualites: 0
    frontpage: 0
    header_block: 0
    media: 0
    media_entity_browser: 0
    moderated_content: 0
    my_profile: 0
    news_events: 0
    pages_persos: 0
    patimmo: 0
    patrimoine_immobilier: 0
    pickup_content: 0
    publication_author: 0
    recherche_db: 0
    recherche_de_contenu: 0
    redirect: 0
    reusable_blocks: 0
    scheduler_scheduled_content: 0
    sites_per_owner: 0
    site_content: 0
    site_taxonomy_term: 0
    skills: 0
    taxonomy_term: 0
    test: 0
    timeline: 0
    travailler_universite: 0
    user_admin_people: 0
    viva: 0
    watchdog: 0
    webform_submissions: 0
    who_s_new: 0
field_type: viewsreference
