uuid: d50ef097-289e-4e3d-a88f-fe74121cef33
langcode: fr
status: true
dependencies:
  module:
    - paragraphs_ee
third_party_settings:
  paragraphs_ee:
    paragraphs_categories:
      embeds: embeds
id: content_block
label: 'Bloc de contenus'
icon_uuid: null
icon_default: null
description: 'Bloc présentant les contenus récents du site. '
behavior_plugins: {  }
